
Microsoft Visual Studio Solution File, Format Version 12.00
# Visual Studio Version 17
VisualStudioVersion = 17.7.34018.315
MinimumVisualStudioVersion = 10.0.40219.1
Project("{FAE04EC0-301F-11D3-BF4B-00C04F79EFBC}") = "WebUITestFramework", "WebUITestFramework.csproj", "{93107B55-AAA3-40A6-9906-1000BF69A0CE}"
EndProject
Global
	GlobalSection(SolutionConfigurationPlatforms) = preSolution
		Debug|Any CPU = Debug|Any CPU
		Release|Any CPU = Release|Any CPU
	EndGlobalSection
	GlobalSection(ProjectConfigurationPlatforms) = postSolution
		{93107B55-AAA3-40A6-9906-1000BF69A0CE}.Debug|Any CPU.ActiveCfg = Debug|Any CPU
		{93107B55-AAA3-40A6-9906-1000BF69A0CE}.Debug|Any CPU.Build.0 = Debug|Any CPU
		{93107B55-AAA3-40A6-9906-1000BF69A0CE}.Release|Any CPU.ActiveCfg = Release|Any CPU
		{93107B55-AAA3-40A6-9906-1000BF69A0CE}.Release|Any CPU.Build.0 = Release|Any CPU
	EndGlobalSection
	GlobalSection(SolutionProperties) = preSolution
		HideSolutionNode = FALSE
	EndGlobalSection
	GlobalSection(ExtensibilityGlobals) = postSolution
		SolutionGuid = {25871661-4419-4D3E-BF3F-F525C40EADB1}
	EndGlobalSection
EndGlobal
